
Microsoft Visual Studio Solution File, Format Version 12.00
# Visual Studio Version 16
VisualStudioVersion = 16.0.31911.196
MinimumVisualStudioVersion = 10.0.40219.1
Project("{8BC9CEB8-8B4A-11D0-8D11-00A0C91BC942}") = "b5d_cuda", "b5d_cuda\b5d_cuda.vcxproj", "{C3A15E10-BA60-4FE2-87D9-72FE8CB27604}"
	ProjectSection(ProjectDependencies) = postProject
		{D8363BEF-9133-4DAA-9409-86F96C13EADF} = {D8363BEF-9133-4DAA-9409-86F96C13EADF}
	EndProjectSection
EndProject
Project("{8BC9CEB8-8B4A-11D0-8D11-00A0C91BC942}") = "cudaCompress", "cudaCompress\cudaCompress.vcxproj", "{D8363BEF-9133-4DAA-9409-86F96C13EADF}"
EndProject
Project("{8BC9CEB8-8B4A-11D0-8D11-00A0C91BC942}") = "B3D_HDF5_plugin", "B3D_HDF5_plugin\B3D_HDF5_plugin.vcxproj", "{07D118A4-B72F-4414-9631-46A956B0B0A1}"
EndProject
Global
	GlobalSection(SolutionConfigurationPlatforms) = preSolution
		Debug|x64 = Debug|x64
		Release|x64 = Release|x64
	EndGlobalSection
	GlobalSection(ProjectConfigurationPlatforms) = postSolution
		{C3A15E10-BA60-4FE2-87D9-72FE8CB27604}.Debug|x64.ActiveCfg = Debug|x64
		{C3A15E10-BA60-4FE2-87D9-72FE8CB27604}.Debug|x64.Build.0 = Debug|x64
		{C3A15E10-BA60-4FE2-87D9-72FE8CB27604}.Release|x64.ActiveCfg = Release|x64
		{C3A15E10-BA60-4FE2-87D9-72FE8CB27604}.Release|x64.Build.0 = Release|x64
		{D8363BEF-9133-4DAA-9409-86F96C13EADF}.Debug|x64.ActiveCfg = Debug|x64
		{D8363BEF-9133-4DAA-9409-86F96C13EADF}.Debug|x64.Build.0 = Debug|x64
		{D8363BEF-9133-4DAA-9409-86F96C13EADF}.Release|x64.ActiveCfg = Release|x64
		{D8363BEF-9133-4DAA-9409-86F96C13EADF}.Release|x64.Build.0 = Release|x64
		{07D118A4-B72F-4414-9631-46A956B0B0A1}.Debug|x64.ActiveCfg = Debug|x64
		{07D118A4-B72F-4414-9631-46A956B0B0A1}.Debug|x64.Build.0 = Debug|x64
		{07D118A4-B72F-4414-9631-46A956B0B0A1}.Release|x64.ActiveCfg = Release|x64
		{07D118A4-B72F-4414-9631-46A956B0B0A1}.Release|x64.Build.0 = Release|x64
	EndGlobalSection
	GlobalSection(SolutionProperties) = preSolution
		HideSolutionNode = FALSE
	EndGlobalSection
	GlobalSection(ExtensibilityGlobals) = postSolution
		SolutionGuid = {8ECE391D-64DC-4100-8AA8-B60963780EAA}
	EndGlobalSection
EndGlobal
