<?xml version="1.0" encoding="utf-8"?>
<Project ToolsVersion="4.0" xmlns="http://schemas.microsoft.com/developer/msbuild/2003">
  <ItemGroup>
    <Filter Include="B3D">
      <UniqueIdentifier>{d5b68078-c377-4a6e-84bf-ed6c4f8b28df}</UniqueIdentifier>
    </Filter>
    <Filter Include="CPU">
      <UniqueIdentifier>{b3303fc5-dd6b-4913-a2ce-74aafb21630b}</UniqueIdentifier>
    </Filter>
    <Filter Include="util">
      <UniqueIdentifier>{19dca50a-e297-476c-a656-354fb0b2a8c1}</UniqueIdentifier>
    </Filter>
  </ItemGroup>
  <ItemGroup>
    <ClInclude Include="..\b5d_cuda\include\cudaCompress\B3D\B3DcompressFunctions.h">
      <Filter>B3D</Filter>
    </ClInclude>
    <ClInclude Include="..\b5d_cuda\include\cudaCompress\CPU\EncodeCPU.h">
      <Filter>CPU</Filter>
    </ClInclude>
    <ClInclude Include="..\b5d_cuda\include\cudaCompress\CPU\PredictorsCPU.h">
      <Filter>CPU</Filter>
    </ClInclude>
    <ClInclude Include="..\b5d_cuda\include\cudaCompress\CPU\QuantizeCPU.h">
      <Filter>CPU</Filter>
    </ClInclude>
    <ClInclude Include="..\b5d_cuda\include\cudaCompress\util\Bits.h">
      <Filter>util</Filter>
    </ClInclude>
    <ClInclude Include="..\b5d_cuda\include\cudaCompress\util\CudaTimer.h">
      <Filter>util</Filter>
    </ClInclude>
    <ClInclude Include="..\b5d_cuda\include\cudaCompress\util\DWT.h">
      <Filter>util</Filter>
    </ClInclude>
    <ClInclude Include="..\b5d_cuda\include\cudaCompress\util\Predictors.h">
      <Filter>util</Filter>
    </ClInclude>
    <ClInclude Include="..\b5d_cuda\include\cudaCompress\util\Quantize.h">
      <Filter>util</Filter>
    </ClInclude>
    <ClInclude Include="..\b5d_cuda\include\cudaCompress\util\YCoCg.h">
      <Filter>util</Filter>
    </ClInclude>
  </ItemGroup>
</Project>